
Microsoft Visual Studio Solution File, Format Version 12.00
Project("{FAE04EC0-301F-11D3-BF4B-00C04F79EFBC}") = "LearningCenter.API", "LearningCenter.API\LearningCenter.API.csproj", "{BCE7AC5C-F65A-4BD8-A666-D1246DCB53CD}"
EndProject
Global
	GlobalSection(SolutionConfigurationPlatforms) = preSolution
		Debug|Any CPU = Debug|Any CPU
		Release|Any CPU = Release|Any CPU
	EndGlobalSection
	GlobalSection(ProjectConfigurationPlatforms) = postSolution
		{BCE7AC5C-F65A-4BD8-A666-D1246DCB53CD}.Debug|Any CPU.ActiveCfg = Debug|Any CPU
		{BCE7AC5C-F65A-4BD8-A666-D1246DCB53CD}.Debug|Any CPU.Build.0 = Debug|Any CPU
		{BCE7AC5C-F65A-4BD8-A666-D1246DCB53CD}.Release|Any CPU.ActiveCfg = Release|Any CPU
		{BCE7AC5C-F65A-4BD8-A666-D1246DCB53CD}.Release|Any CPU.Build.0 = Release|Any CPU
	EndGlobalSection
EndGlobal
